<?xml version="1.0" encoding="utf-8"?>
<Project ToolsVersion="4.0" xmlns="http://schemas.microsoft.com/developer/msbuild/2003">
  <ItemGroup>
    <ClCompile Include="ContentServer.cpp">
      <Filter>Main</Filter>
    </ClCompile>
    <ClCompile Include="stdafx.cpp">
      <Filter>Main</Filter>
    </ClCompile>
    <ClCompile Include="Server\UserManager.cpp">
      <Filter>Content\User</Filter>
    </ClCompile>
    <ClCompile Include="Server\User.cpp">
      <Filter>Content\User</Filter>
    </ClCompile>
  </ItemGroup>
  <ItemGroup>
    <ClInclude Include="targetver.h">
      <Filter>Main</Filter>
    </ClInclude>
    <ClInclude Include="stdafx.h">
      <Filter>Main</Filter>
    </ClInclude>
    <ClInclude Include="Server\User.h">
      <Filter>Content\User</Filter>
    </ClInclude>
    <ClInclude Include="Server\UserManager.h">
      <Filter>Content\User</Filter>
    </ClInclude>
    <ClInclude Include="ContentServer.h">
      <Filter>Main</Filter>
    </ClInclude>
  </ItemGroup>
  <ItemGroup>
    <Text Include="ReadMe.txt" />
  </ItemGroup>
  <ItemGroup>
    <Filter Include="Main">
      <UniqueIdentifier>{1b5f38ac-a0e1-49f8-aab4-f4bb37d86fdd}</UniqueIdentifier>
    </Filter>
    <Filter Include="Content">
      <UniqueIdentifier>{e4398d2b-79d0-4664-aa2d-25811fd2b991}</UniqueIdentifier>
    </Filter>
    <Filter Include="Content\User">
      <UniqueIdentifier>{225df55f-76e2-499b-9edb-6788109f810a}</UniqueIdentifier>
    </Filter>
  </ItemGroup>
</Project>